
Microsoft Visual Studio Solution File, Format Version 12.00
# Visual Studio Version 17
VisualStudioVersion = 17.1.32228.430
MinimumVisualStudioVersion = 10.0.40219.1
Project("{9A19103F-16F7-4668-BE54-9A1E7A4F7556}") = "main", "MVC CRUD\main.csproj", "{B5DE07F1-543F-4BF5-A7EE-9981CF54FD8D}"
EndProject
Project("{9A19103F-16F7-4668-BE54-9A1E7A4F7556}") = "calculator", "calculator\calculator.csproj", "{B7652F06-2F0F-4D27-99B3-F51713DE5325}"
EndProject
Project("{FAE04EC0-301F-11D3-BF4B-00C04F79EFBC}") = "rsvp", "rsvp\rsvp.csproj", "{C7F7E3CC-75F9-4100-BC87-3721AF3A97D3}"
EndProject
Global
	GlobalSection(SolutionConfigurationPlatforms) = preSolution
		Debug|Any CPU = Debug|Any CPU
		Release|Any CPU = Release|Any CPU
	EndGlobalSection
	GlobalSection(ProjectConfigurationPlatforms) = postSolution
		{B5DE07F1-543F-4BF5-A7EE-9981CF54FD8D}.Debug|Any CPU.ActiveCfg = Debug|Any CPU
		{B5DE07F1-543F-4BF5-A7EE-9981CF54FD8D}.Debug|Any CPU.Build.0 = Debug|Any CPU
		{B5DE07F1-543F-4BF5-A7EE-9981CF54FD8D}.Release|Any CPU.ActiveCfg = Release|Any CPU
		{B5DE07F1-543F-4BF5-A7EE-9981CF54FD8D}.Release|Any CPU.Build.0 = Release|Any CPU
		{B7652F06-2F0F-4D27-99B3-F51713DE5325}.Debug|Any CPU.ActiveCfg = Debug|Any CPU
		{B7652F06-2F0F-4D27-99B3-F51713DE5325}.Debug|Any CPU.Build.0 = Debug|Any CPU
		{B7652F06-2F0F-4D27-99B3-F51713DE5325}.Release|Any CPU.ActiveCfg = Release|Any CPU
		{B7652F06-2F0F-4D27-99B3-F51713DE5325}.Release|Any CPU.Build.0 = Release|Any CPU
		{C7F7E3CC-75F9-4100-BC87-3721AF3A97D3}.Debug|Any CPU.ActiveCfg = Debug|Any CPU
		{C7F7E3CC-75F9-4100-BC87-3721AF3A97D3}.Debug|Any CPU.Build.0 = Debug|Any CPU
		{C7F7E3CC-75F9-4100-BC87-3721AF3A97D3}.Release|Any CPU.ActiveCfg = Release|Any CPU
		{C7F7E3CC-75F9-4100-BC87-3721AF3A97D3}.Release|Any CPU.Build.0 = Release|Any CPU
	EndGlobalSection
	GlobalSection(SolutionProperties) = preSolution
		HideSolutionNode = FALSE
	EndGlobalSection
	GlobalSection(ExtensibilityGlobals) = postSolution
		SolutionGuid = {569DF233-615B-4CC2-8CEF-FF4801A53176}
	EndGlobalSection
EndGlobal
